[root]
name = "rust_client"
version = "0.1.0"
dependencies = [
 "nix 0.9.0 (registry+https://github.com/rust-lang/crates.io-index)",
 "pbr 1.0.0 (registry+https://github.com/rust-lang/crates.io-index)",
 "walkdir 2.0.1 (registry+https://github.com/rust-lang/crates.io-index)",
]

[[package]]
name = "bitflags"
version = "0.9.1"
source = "registry+https://github.com/rust-lang/crates.io-index"

[[package]]
name = "cfg-if"
version = "0.1.2"
source = "registry+https://github.com/rust-lang/crates.io-index"

[[package]]
name = "kernel32-sys"
version = "0.2.2"
source = "registry+https://github.com/rust-lang/crates.io-index"
dependencies = [
 "winapi 0.2.8 (registry+https://github.com/rust-lang/crates.io-index)",
 "winapi-build 0.1.1 (registry+https://github.com/rust-lang/crates.io-index)",
]

[[package]]
name = "libc"
version = "0.2.33"
source = "registry+https://github.com/rust-lang/crates.io-index"

[[package]]
name = "nix"
version = "0.9.0"
source = "registry+https://github.com/rust-lang/crates.io-index"
dependencies = [
 "bitflags 0.9.1 (registry+https://github.com/rust-lang/crates.io-index)",
 "cfg-if 0.1.2 (registry+https://github.com/rust-lang/crates.io-index)",
 "libc 0.2.33 (registry+https://github.com/rust-lang/crates.io-index)",
 "void 1.0.2 (registry+https://github.com/rust-lang/crates.io-index)",
]

[[package]]
name = "pbr"
version = "1.0.0"
source = "registry+https://github.com/rust-lang/crates.io-index"
dependencies = [
 "kernel32-sys 0.2.2 (registry+https://github.com/rust-lang/crates.io-index)",
 "libc 0.2.33 (registry+https://github.com/rust-lang/crates.io-index)",
 "time 0.1.38 (registry+https://github.com/rust-lang/crates.io-index)",
 "winapi 0.2.8 (registry+https://github.com/rust-lang/crates.io-index)",
]

[[package]]
name = "redox_syscall"
version = "0.1.31"
source = "registry+https://github.com/rust-lang/crates.io-index"

[[package]]
name = "same-file"
version = "1.0.0"
source = "registry+https://github.com/rust-lang/crates.io-index"
dependencies = [
 "kernel32-sys 0.2.2 (registry+https://github.com/rust-lang/crates.io-index)",
 "winapi 0.2.8 (registry+https://github.com/rust-lang/crates.io-index)",
]

[[package]]
name = "time"
version = "0.1.38"
source = "registry+https://github.com/rust-lang/crates.io-index"
dependencies = [
 "kernel32-sys 0.2.2 (registry+https://github.com/rust-lang/crates.io-index)",
 "libc 0.2.33 (registry+https://github.com/rust-lang/crates.io-index)",
 "redox_syscall 0.1.31 (registry+https://github.com/rust-lang/crates.io-index)",
 "winapi 0.2.8 (registry+https://github.com/rust-lang/crates.io-index)",
]

[[package]]
name = "void"
version = "1.0.2"
source = "registry+https://github.com/rust-lang/crates.io-index"

[[package]]
name = "walkdir"
version = "2.0.1"
source = "registry+https://github.com/rust-lang/crates.io-index"
dependencies = [
 "same-file 1.0.0 (registry+https://github.com/rust-lang/crates.io-index)",
]

[[package]]
name = "winapi"
version = "0.2.8"
source = "registry+https://github.com/rust-lang/crates.io-index"

[[package]]
name = "winapi-build"
version = "0.1.1"
source = "registry+https://github.com/rust-lang/crates.io-index"

[metadata]
"checksum bitflags 0.9.1 (registry+https://github.com/rust-lang/crates.io-index)" = "4efd02e230a02e18f92fc2735f44597385ed02ad8f831e7c1c1156ee5e1ab3a5"
"checksum cfg-if 0.1.2 (registry+https://github.com/rust-lang/crates.io-index)" = "d4c819a1287eb618df47cc647173c5c4c66ba19d888a6e50d605672aed3140de"
"checksum kernel32-sys 0.2.2 (registry+https://github.com/rust-lang/crates.io-index)" = "7507624b29483431c0ba2d82aece8ca6cdba9382bff4ddd0f7490560c056098d"
"checksum libc 0.2.33 (registry+https://github.com/rust-lang/crates.io-index)" = "5ba3df4dcb460b9dfbd070d41c94c19209620c191b0340b929ce748a2bcd42d2"
"checksum nix 0.9.0 (registry+https://github.com/rust-lang/crates.io-index)" = "a2c5afeb0198ec7be8569d666644b574345aad2e95a53baf3a532da3e0f3fb32"
"checksum pbr 1.0.0 (registry+https://github.com/rust-lang/crates.io-index)" = "e048e3afebb6c454bb1c5d0fe73fda54698b4715d78ed8e7302447c37736d23a"
"checksum redox_syscall 0.1.31 (registry+https://github.com/rust-lang/crates.io-index)" = "8dde11f18c108289bef24469638a04dce49da56084f2d50618b226e47eb04509"
"checksum same-file 1.0.0 (registry+https://github.com/rust-lang/crates.io-index)" = "70a18720d745fb9ca6a041b37cb36d0b21066006b6cff8b5b360142d4b81fb60"
"checksum time 0.1.38 (registry+https://github.com/rust-lang/crates.io-index)" = "d5d788d3aa77bc0ef3e9621256885555368b47bd495c13dd2e7413c89f845520"
"checksum void 1.0.2 (registry+https://github.com/rust-lang/crates.io-index)" = "6a02e4885ed3bc0f2de90ea6dd45ebcbb66dacffe03547fadbb0eeae2770887d"
"checksum walkdir 2.0.1 (registry+https://github.com/rust-lang/crates.io-index)" = "40b6d201f4f8998a837196b6de9c73e35af14c992cbb92c4ab641d2c2dce52de"
"checksum winapi 0.2.8 (registry+https://github.com/rust-lang/crates.io-index)" = "167dc9d6949a9b857f3451275e911c3f44255842c1f7a76f33c55103a909087a"
"checksum winapi-build 0.1.1 (registry+https://github.com/rust-lang/crates.io-index)" = "2d315eee3b34aca4797b2da6b13ed88266e6d612562a0c46390af8299fc699bc"
